// !$*UTF8*$!
{
	archiveVersion = 1;
	classes = {
	};
	objectVersion = 52;
	objects = {

/* Begin PBXBuildFile section */
		9CDA13CA250E6703005931B3 /* AppDelegate.swift in Sources */ = {isa = PBXBuildFile; fileRef = 9CDA13C9250E6703005931B3 /* AppDelegate.swift */; };
		9CDA13CC250E6703005931B3 /* SceneDelegate.swift in Sources */ = {isa = PBXBuildFile; fileRef = 9CDA13CB250E6703005931B3 /* SceneDelegate.swift */; };
		9CDA13CE250E6703005931B3 /* MasterViewController.swift in Sources */ = {isa = PBXBuildFile; fileRef = 9CDA13CD250E6703005931B3 /* MasterViewController.swift */; };
		9CDA13D0250E6703005931B3 /* DetailViewController.swift in Sources */ = {isa = PBXBuildFile; fileRef = 9CDA13CF250E6703005931B3 /* DetailViewController.swift */; };
		9CDA13D3250E6703005931B3 /* Main.storyboard in Resources */ = {isa = PBXBuildFile; fileRef = 9CDA13D1250E6703005931B3 /* Main.storyboard */; };
		9CDA13D5250E6705005931B3 /* Assets.xcassets in Resources */ = {isa = PBXBuildFile; fileRef = 9CDA13D4250E6705005931B3 /* Assets.xcassets */; };
		9CDA13D8250E6705005931B3 /* LaunchScreen.storyboard in Resources */ = {isa = PBXBuildFile; fileRef = 9CDA13D6250E6705005931B3 /* LaunchScreen.storyboard */; };
		9CDA13E3250E6705005931B3 /* RedditTests.swift in Sources */ = {isa = PBXBuildFile; fileRef = 9CDA13E2250E6705005931B3 /* RedditTests.swift */; };
		9CDA13EF250E6BC5005931B3 /* Base in Frameworks */ = {isa = PBXBuildFile; productRef = 9CDA13EE250E6BC5005931B3 /* Base */; };
		9CDA13F1250E6BC5005931B3 /* Endpoints in Frameworks */ = {isa = PBXBuildFile; productRef = 9CDA13F0250E6BC5005931B3 /* Endpoints */; };
		9CDA13F5250E72A8005931B3 /* stub-Listing.json in Resources */ = {isa = PBXBuildFile; fileRef = 9CDA13F4250E72A8005931B3 /* stub-Listing.json */; };
		9CDA1407250E7AFE005931B3 /* Reddit-api in Frameworks */ = {isa = PBXBuildFile; productRef = 9CDA1406250E7AFE005931B3 /* Reddit-api */; };
/* End PBXBuildFile section */

/* Begin PBXContainerItemProxy section */
		9CDA13DF250E6705005931B3 /* PBXContainerItemProxy */ = {
			isa = PBXContainerItemProxy;
			containerPortal = 9CDA13BE250E6703005931B3 /* Project object */;
			proxyType = 1;
			remoteGlobalIDString = 9CDA13C5250E6703005931B3;
			remoteInfo = Reddit;
		};
/* End PBXContainerItemProxy section */

/* Begin PBXFileReference section */
		9CDA13C6250E6703005931B3 /* Reddit.app */ = {isa = PBXFileReference; explicitFileType = wrapper.application; includeInIndex = 0; path = Reddit.app; sourceTree = BUILT_PRODUCTS_DIR; };
		9CDA13C9250E6703005931B3 /* AppDelegate.swift */ = {isa = PBXFileReference; lastKnownFileType = sourcecode.swift; path = AppDelegate.swift; sourceTree = "<group>"; };
		9CDA13CB250E6703005931B3 /* SceneDelegate.swift */ = {isa = PBXFileReference; lastKnownFileType = sourcecode.swift; path = SceneDelegate.swift; sourceTree = "<group>"; };
		9CDA13CD250E6703005931B3 /* MasterViewController.swift */ = {isa = PBXFileReference; lastKnownFileType = sourcecode.swift; path = MasterViewController.swift; sourceTree = "<group>"; };
		9CDA13CF250E6703005931B3 /* DetailViewController.swift */ = {isa = PBXFileReference; lastKnownFileType = sourcecode.swift; path = DetailViewController.swift; sourceTree = "<group>"; };
		9CDA13D2250E6703005931B3 /* Base */ = {isa = PBXFileReference; lastKnownFileType = file.storyboard; name = Base; path = Base.lproj/Main.storyboard; sourceTree = "<group>"; };
		9CDA13D4250E6705005931B3 /* Assets.xcassets */ = {isa = PBXFileReference; lastKnownFileType = folder.assetcatalog; path = Assets.xcassets; sourceTree = "<group>"; };
		9CDA13D7250E6705005931B3 /* Base */ = {isa = PBXFileReference; lastKnownFileType = file.storyboard; name = Base; path = Base.lproj/LaunchScreen.storyboard; sourceTree = "<group>"; };
		9CDA13D9250E6705005931B3 /* Info.plist */ = {isa = PBXFileReference; lastKnownFileType = text.plist.xml; path = Info.plist; sourceTree = "<group>"; };
		9CDA13DE250E6705005931B3 /* RedditTests.xctest */ = {isa = PBXFileReference; explicitFileType = wrapper.cfbundle; includeInIndex = 0; path = RedditTests.xctest; sourceTree = BUILT_PRODUCTS_DIR; };
		9CDA13E2250E6705005931B3 /* RedditTests.swift */ = {isa = PBXFileReference; lastKnownFileType = sourcecode.swift; path = RedditTests.swift; sourceTree = "<group>"; };
		9CDA13E4250E6705005931B3 /* Info.plist */ = {isa = PBXFileReference; lastKnownFileType = text.plist.xml; path = Info.plist; sourceTree = "<group>"; };
		9CDA13F4250E72A8005931B3 /* stub-Listing.json */ = {isa = PBXFileReference; fileEncoding = 4; lastKnownFileType = text.json; path = "stub-Listing.json"; sourceTree = "<group>"; };
/* End PBXFileReference section */

/* Begin PBXFrameworksBuildPhase section */
		9CDA13C3250E6703005931B3 /* Frameworks */ = {
			isa = PBXFrameworksBuildPhase;
			buildActionMask = 2147483647;
			files = (
				9CDA13EF250E6BC5005931B3 /* Base in Frameworks */,
				9CDA13F1250E6BC5005931B3 /* Endpoints in Frameworks */,
				9CDA1407250E7AFE005931B3 /* Reddit-api in Frameworks */,
			);
			runOnlyForDeploymentPostprocessing = 0;
		};
		9CDA13DB250E6705005931B3 /* Frameworks */ = {
			isa = PBXFrameworksBuildPhase;
			buildActionMask = 2147483647;
			files = (
			);
			runOnlyForDeploymentPostprocessing = 0;
		};
/* End PBXFrameworksBuildPhase section */

/* Begin PBXGroup section */
		9CDA13BD250E6703005931B3 = {
			isa = PBXGroup;
			children = (
				9CDA13C8250E6703005931B3 /* Reddit */,
				9CDA13E1250E6705005931B3 /* RedditTests */,
				9CDA13C7250E6703005931B3 /* Products */,
				9CDA13ED250E6BC5005931B3 /* Frameworks */,
			);
			sourceTree = "<group>";
		};
		9CDA13C7250E6703005931B3 /* Products */ = {
			isa = PBXGroup;
			children = (
				9CDA13C6250E6703005931B3 /* Reddit.app */,
				9CDA13DE250E6705005931B3 /* RedditTests.xctest */,
			);
			name = Products;
			sourceTree = "<group>";
		};
		9CDA13C8250E6703005931B3 /* Reddit */ = {
			isa = PBXGroup;
			children = (
				9CDA13F4250E72A8005931B3 /* stub-Listing.json */,
				9CDA13C9250E6703005931B3 /* AppDelegate.swift */,
				9CDA13CB250E6703005931B3 /* SceneDelegate.swift */,
				9CDA13CD250E6703005931B3 /* MasterViewController.swift */,
				9CDA13CF250E6703005931B3 /* DetailViewController.swift */,
				9CDA13D1250E6703005931B3 /* Main.storyboard */,
				9CDA13D4250E6705005931B3 /* Assets.xcassets */,
				9CDA13D6250E6705005931B3 /* LaunchScreen.storyboard */,
				9CDA13D9250E6705005931B3 /* Info.plist */,
			);
			path = Reddit;
			sourceTree = "<group>";
		};
		9CDA13E1250E6705005931B3 /* RedditTests */ = {
			isa = PBXGroup;
			children = (
				9CDA13E2250E6705005931B3 /* RedditTests.swift */,
				9CDA13E4250E6705005931B3 /* Info.plist */,
			);
			path = RedditTests;
			sourceTree = "<group>";
		};
		9CDA13ED250E6BC5005931B3 /* Frameworks */ = {
			isa = PBXGroup;
			children = (
			);
			name = Frameworks;
			sourceTree = "<group>";
		};
/* End PBXGroup section */

/* Begin PBXNativeTarget section */
		9CDA13C5250E6703005931B3 /* Reddit */ = {
			isa = PBXNativeTarget;
			buildConfigurationList = 9CDA13E7250E6705005931B3 /* Build configuration list for PBXNativeTarget "Reddit" */;
			buildPhases = (
				9CDA13C2250E6703005931B3 /* Sources */,
				9CDA13C3250E6703005931B3 /* Frameworks */,
				9CDA13C4250E6703005931B3 /* Resources */,
			);
			buildRules = (
			);
			dependencies = (
			);
			name = Reddit;
			packageProductDependencies = (
				9CDA13EE250E6BC5005931B3 /* Base */,
				9CDA13F0250E6BC5005931B3 /* Endpoints */,
				9CDA1406250E7AFE005931B3 /* Reddit-api */,
			);
			productName = Reddit;
			productReference = 9CDA13C6250E6703005931B3 /* Reddit.app */;
			productType = "com.apple.product-type.application";
		};
		9CDA13DD250E6705005931B3 /* RedditTests */ = {
			isa = PBXNativeTarget;
			buildConfigurationList = 9CDA13EA250E6705005931B3 /* Build configuration list for PBXNativeTarget "RedditTests" */;
			buildPhases = (
				9CDA13DA250E6705005931B3 /* Sources */,
				9CDA13DB250E6705005931B3 /* Frameworks */,
				9CDA13DC250E6705005931B3 /* Resources */,
			);
			buildRules = (
			);
			dependencies = (
				9CDA13E0250E6705005931B3 /* PBXTargetDependency */,
			);
			name = RedditTests;
			productName = RedditTests;
			productReference = 9CDA13DE250E6705005931B3 /* RedditTests.xctest */;
			productType = "com.apple.product-type.bundle.unit-test";
		};
/* End PBXNativeTarget section */

/* Begin PBXProject section */
		9CDA13BE250E6703005931B3 /* Project object */ = {
			isa = PBXProject;
			attributes = {
				LastSwiftUpdateCheck = 1150;
				LastUpgradeCheck = 1150;
				ORGANIZATIONNAME = "Leandro Perez";
				TargetAttributes = {
					9CDA13C5250E6703005931B3 = {
						CreatedOnToolsVersion = 11.5;
					};
					9CDA13DD250E6705005931B3 = {
						CreatedOnToolsVersion = 11.5;
						TestTargetID = 9CDA13C5250E6703005931B3;
					};
				};
			};
			buildConfigurationList = 9CDA13C1250E6703005931B3 /* Build configuration list for PBXProject "Reddit" */;
			compatibilityVersion = "Xcode 9.3";
			developmentRegion = en;
			hasScannedForEncodings = 0;
			knownRegions = (
				en,
				Base,
			);
			mainGroup = 9CDA13BD250E6703005931B3;
			productRefGroup = 9CDA13C7250E6703005931B3 /* Products */;
			projectDirPath = "";
			projectRoot = "";
			targets = (
				9CDA13C5250E6703005931B3 /* Reddit */,
				9CDA13DD250E6705005931B3 /* RedditTests */,
			);
		};
/* End PBXProject section */

/* Begin PBXResourcesBuildPhase section */
		9CDA13C4250E6703005931B3 /* Resources */ = {
			isa = PBXResourcesBuildPhase;
			buildActionMask = 2147483647;
			files = (
				9CDA13D8250E6705005931B3 /* LaunchScreen.storyboard in Resources */,
				9CDA13F5250E72A8005931B3 /* stub-Listing.json in Resources */,
				9CDA13D5250E6705005931B3 /* Assets.xcassets in Resources */,
				9CDA13D3250E6703005931B3 /* Main.storyboard in Resources */,
			);
			runOnlyForDeploymentPostprocessing = 0;
		};
		9CDA13DC250E6705005931B3 /* Resources */ = {
			isa = PBXResourcesBuildPhase;
			buildActionMask = 2147483647;
			files = (
			);
			runOnlyForDeploymentPostprocessing = 0;
		};
/* End PBXResourcesBuildPhase section */

/* Begin PBXSourcesBuildPhase section */
		9CDA13C2250E6703005931B3 /* Sources */ = {
			isa = PBXSourcesBuildPhase;
			buildActionMask = 2147483647;
			files = (
				9CDA13CA250E6703005931B3 /* AppDelegate.swift in Sources */,
				9CDA13CC250E6703005931B3 /* SceneDelegate.swift in Sources */,
				9CDA13CE250E6703005931B3 /* MasterViewController.swift in Sources */,
				9CDA13D0250E6703005931B3 /* DetailViewController.swift in Sources */,
			);
			runOnlyForDeploymentPostprocessing = 0;
		};
		9CDA13DA250E6705005931B3 /* Sources */ = {
			isa = PBXSourcesBuildPhase;
			buildActionMask = 2147483647;
			files = (
				9CDA13E3250E6705005931B3 /* RedditTests.swift in Sources */,
			);
			runOnlyForDeploymentPostprocessing = 0;
		};
/* End PBXSourcesBuildPhase section */

/* Begin PBXTargetDependency section */
		9CDA13E0250E6705005931B3 /* PBXTargetDependency */ = {
			isa = PBXTargetDependency;
			target = 9CDA13C5250E6703005931B3 /* Reddit */;
			targetProxy = 9CDA13DF250E6705005931B3 /* PBXContainerItemProxy */;
		};
/* End PBXTargetDependency section */

/* Begin PBXVariantGroup section */
		9CDA13D1250E6703005931B3 /* Main.storyboard */ = {
			isa = PBXVariantGroup;
			children = (
				9CDA13D2250E6703005931B3 /* Base */,
			);
			name = Main.storyboard;
			sourceTree = "<group>";
		};
		9CDA13D6250E6705005931B3 /* LaunchScreen.storyboard */ = {
			isa = PBXVariantGroup;
			children = (
				9CDA13D7250E6705005931B3 /* Base */,
			);
			name = LaunchScreen.storyboard;
			sourceTree = "<group>";
		};
/* End PBXVariantGroup section */

/* Begin XCBuildConfiguration section */
		9CDA13E5250E6705005931B3 /* Debug */ = {
			isa = XCBuildConfiguration;
			buildSettings = {
				ALWAYS_SEARCH_USER_PATHS = NO;
				CLANG_ANALYZER_NONNULL = YES;
				CLANG_ANALYZER_NUMBER_OBJECT_CONVERSION = YES_AGGRESSIVE;
				CLANG_CXX_LANGUAGE_STANDARD = "gnu++14";
				CLANG_CXX_LIBRARY = "libc++";
				CLANG_ENABLE_MODULES = YES;
				CLANG_ENABLE_OBJC_ARC = YES;
				CLANG_ENABLE_OBJC_WEAK = YES;
				CLANG_WARN_BLOCK_CAPTURE_AUTORELEASING = YES;
				CLANG_WARN_BOOL_CONVERSION = YES;
				CLANG_WARN_COMMA = YES;
				CLANG_WARN_CONSTANT_CONVERSION = YES;
				CLANG_WARN_DEPRECATED_OBJC_IMPLEMENTATIONS = YES;
				CLANG_WARN_DIRECT_OBJC_ISA_USAGE = YES_ERROR;
				CLANG_WARN_DOCUMENTATION_COMMENTS = YES;
				CLANG_WARN_EMPTY_BODY = YES;
				CLANG_WARN_ENUM_CONVERSION = YES;
				CLANG_WARN_INFINITE_RECURSION = YES;
				CLANG_WARN_INT_CONVERSION = YES;
				CLANG_WARN_NON_LITERAL_NULL_CONVERSION = YES;
				CLANG_WARN_OBJC_IMPLICIT_RETAIN_SELF = YES;
				CLANG_WARN_OBJC_LITERAL_CONVERSION = YES;
				CLANG_WARN_OBJC_ROOT_CLASS = YES_ERROR;
				CLANG_WARN_RANGE_LOOP_ANALYSIS = YES;
				CLANG_WARN_STRICT_PROTOTYPES = YES;
				CLANG_WARN_SUSPICIOUS_MOVE = YES;
				CLANG_WARN_UNGUARDED_AVAILABILITY = YES_AGGRESSIVE;
				CLANG_WARN_UNREACHABLE_CODE = YES;
				CLANG_WARN__DUPLICATE_METHOD_MATCH = YES;
				COPY_PHASE_STRIP = NO;
				DEBUG_INFORMATION_FORMAT = dwarf;
				ENABLE_STRICT_OBJC_MSGSEND = YES;
				ENABLE_TESTABILITY = YES;
				GCC_C_LANGUAGE_STANDARD = gnu11;
				GCC_DYNAMIC_NO_PIC = NO;
				GCC_NO_COMMON_BLOCKS = YES;
				GCC_OPTIMIZATION_LEVEL = 0;
				GCC_PREPROCESSOR_DEFINITIONS = (
					"DEBUG=1",
					"$(inherited)",
				);
				GCC_WARN_64_TO_32_BIT_CONVERSION = YES;
				GCC_WARN_ABOUT_RETURN_TYPE = YES_ERROR;
				GCC_WARN_UNDECLARED_SELECTOR = YES;
				GCC_WARN_UNINITIALIZED_AUTOS = YES_AGGRESSIVE;
				GCC_WARN_UNUSED_FUNCTION = YES;
				GCC_WARN_UNUSED_VARIABLE = YES;
				IPHONEOS_DEPLOYMENT_TARGET = 13.5;
				MTL_ENABLE_DEBUG_INFO = INCLUDE_SOURCE;
				MTL_FAST_MATH = YES;
				ONLY_ACTIVE_ARCH = YES;
				SDKROOT = iphoneos;
				SWIFT_ACTIVE_COMPILATION_CONDITIONS = DEBUG;
				SWIFT_OPTIMIZATION_LEVEL = "-Onone";
			};
			name = Debug;
		};
		9CDA13E6250E6705005931B3 /* Release */ = {
			isa = XCBuildConfiguration;
			buildSettings = {
				ALWAYS_SEARCH_USER_PATHS = NO;
				CLANG_ANALYZER_NONNULL = YES;
				CLANG_ANALYZER_NUMBER_OBJECT_CONVERSION = YES_AGGRESSIVE;
				CLANG_CXX_LANGUAGE_STANDARD = "gnu++14";
				CLANG_CXX_LIBRARY = "libc++";
				CLANG_ENABLE_MODULES = YES;
				CLANG_ENABLE_OBJC_ARC = YES;
				CLANG_ENABLE_OBJC_WEAK = YES;
				CLANG_WARN_BLOCK_CAPTURE_AUTORELEASING = YES;
				CLANG_WARN_BOOL_CONVERSION = YES;
				CLANG_WARN_COMMA = YES;
				CLANG_WARN_CONSTANT_CONVERSION = YES;
				CLANG_WARN_DEPRECATED_OBJC_IMPLEMENTATIONS = YES;
				CLANG_WARN_DIRECT_OBJC_ISA_USAGE = YES_ERROR;
				CLANG_WARN_DOCUMENTATION_COMMENTS = YES;
				CLANG_WARN_EMPTY_BODY = YES;
				CLANG_WARN_ENUM_CONVERSION = YES;
				CLANG_WARN_INFINITE_RECURSION = YES;
				CLANG_WARN_INT_CONVERSION = YES;
				CLANG_WARN_NON_LITERAL_NULL_CONVERSION = YES;
				CLANG_WARN_OBJC_IMPLICIT_RETAIN_SELF = YES;
				CLANG_WARN_OBJC_LITERAL_CONVERSION = YES;
				CLANG_WARN_OBJC_ROOT_CLASS = YES_ERROR;
				CLANG_WARN_RANGE_LOOP_ANALYSIS = YES;
				CLANG_WARN_STRICT_PROTOTYPES = YES;
				CLANG_WARN_SUSPICIOUS_MOVE = YES;
				CLANG_WARN_UNGUARDED_AVAILABILITY = YES_AGGRESSIVE;
				CLANG_WARN_UNREACHABLE_CODE = YES;
				CLANG_WARN__DUPLICATE_METHOD_MATCH = YES;
				COPY_PHASE_STRIP = NO;
				DEBUG_INFORMATION_FORMAT = "dwarf-with-dsym";
				ENABLE_NS_ASSERTIONS = NO;
				ENABLE_STRICT_OBJC_MSGSEND = YES;
				GCC_C_LANGUAGE_STANDARD = gnu11;
				GCC_NO_COMMON_BLOCKS = YES;
				GCC_WARN_64_TO_32_BIT_CONVERSION = YES;
				GCC_WARN_ABOUT_RETURN_TYPE = YES_ERROR;
				GCC_WARN_UNDECLARED_SELECTOR = YES;
				GCC_WARN_UNINITIALIZED_AUTOS = YES_AGGRESSIVE;
				GCC_WARN_UNUSED_FUNCTION = YES;
				GCC_WARN_UNUSED_VARIABLE = YES;
				IPHONEOS_DEPLOYMENT_TARGET = 13.5;
				MTL_ENABLE_DEBUG_INFO = NO;
				MTL_FAST_MATH = YES;
				SDKROOT = iphoneos;
				SWIFT_COMPILATION_MODE = wholemodule;
				SWIFT_OPTIMIZATION_LEVEL = "-O";
				VALIDATE_PRODUCT = YES;
			};
			name = Release;
		};
		9CDA13E8250E6705005931B3 /* Debug */ = {
			isa = XCBuildConfiguration;
			buildSettings = {
				ASSETCATALOG_COMPILER_APPICON_NAME = AppIcon;
				CODE_SIGN_STYLE = Automatic;
				DEVELOPMENT_TEAM = LNCUDBD7GE;
				INFOPLIST_FILE = Reddit/Info.plist;
				LD_RUNPATH_SEARCH_PATHS = (
					"$(inherited)",
					"@executable_path/Frameworks",
				);
				PRODUCT_BUNDLE_IDENTIFIER = com.lmp.Reddit;
				PRODUCT_NAME = "$(TARGET_NAME)";
				SWIFT_VERSION = 5.0;
				TARGETED_DEVICE_FAMILY = "1,2";
			};
			name = Debug;
		};
		9CDA13E9250E6705005931B3 /* Release */ = {
			isa = XCBuildConfiguration;
			buildSettings = {
				ASSETCATALOG_COMPILER_APPICON_NAME = AppIcon;
				CODE_SIGN_STYLE = Automatic;
				DEVELOPMENT_TEAM = LNCUDBD7GE;
				INFOPLIST_FILE = Reddit/Info.plist;
				LD_RUNPATH_SEARCH_PATHS = (
					"$(inherited)",
					"@executable_path/Frameworks",
				);
				PRODUCT_BUNDLE_IDENTIFIER = com.lmp.Reddit;
				PRODUCT_NAME = "$(TARGET_NAME)";
				SWIFT_VERSION = 5.0;
				TARGETED_DEVICE_FAMILY = "1,2";
			};
			name = Release;
		};
		9CDA13EB250E6705005931B3 /* Debug */ = {
			isa = XCBuildConfiguration;
			buildSettings = {
				ALWAYS_EMBED_SWIFT_STANDARD_LIBRARIES = YES;
				BUNDLE_LOADER = "$(TEST_HOST)";
				CODE_SIGN_STYLE = Automatic;
				DEVELOPMENT_TEAM = LNCUDBD7GE;
				INFOPLIST_FILE = RedditTests/Info.plist;
				IPHONEOS_DEPLOYMENT_TARGET = 13.5;
				LD_RUNPATH_SEARCH_PATHS = (
					"$(inherited)",
					"@executable_path/Frameworks",
					"@loader_path/Frameworks",
				);
				PRODUCT_BUNDLE_IDENTIFIER = com.lmp.RedditTests;
				PRODUCT_NAME = "$(TARGET_NAME)";
				SWIFT_VERSION = 5.0;
				TARGETED_DEVICE_FAMILY = "1,2";
				TEST_HOST = "$(BUILT_PRODUCTS_DIR)/Reddit.app/Reddit";
			};
			name = Debug;
		};
		9CDA13EC250E6705005931B3 /* Release */ = {
			isa = XCBuildConfiguration;
			buildSettings = {
				ALWAYS_EMBED_SWIFT_STANDARD_LIBRARIES = YES;
				BUNDLE_LOADER = "$(TEST_HOST)";
				CODE_SIGN_STYLE = Automatic;
				DEVELOPMENT_TEAM = LNCUDBD7GE;
				INFOPLIST_FILE = RedditTests/Info.plist;
				IPHONEOS_DEPLOYMENT_TARGET = 13.5;
				LD_RUNPATH_SEARCH_PATHS = (
					"$(inherited)",
					"@executable_path/Frameworks",
					"@loader_path/Frameworks",
				);
				PRODUCT_BUNDLE_IDENTIFIER = com.lmp.RedditTests;
				PRODUCT_NAME = "$(TARGET_NAME)";
				SWIFT_VERSION = 5.0;
				TARGETED_DEVICE_FAMILY = "1,2";
				TEST_HOST = "$(BUILT_PRODUCTS_DIR)/Reddit.app/Reddit";
			};
			name = Release;
		};
/* End XCBuildConfiguration section */

/* Begin XCConfigurationList section */
		9CDA13C1250E6703005931B3 /* Build configuration list for PBXProject "Reddit" */ = {
			isa = XCConfigurationList;
			buildConfigurations = (
				9CDA13E5250E6705005931B3 /* Debug */,
				9CDA13E6250E6705005931B3 /* Release */,
			);
			defaultConfigurationIsVisible = 0;
			defaultConfigurationName = Release;
		};
		9CDA13E7250E6705005931B3 /* Build configuration list for PBXNativeTarget "Reddit" */ = {
			isa = XCConfigurationList;
			buildConfigurations = (
				9CDA13E8250E6705005931B3 /* Debug */,
				9CDA13E9250E6705005931B3 /* Release */,
			);
			defaultConfigurationIsVisible = 0;
			defaultConfigurationName = Release;
		};
		9CDA13EA250E6705005931B3 /* Build configuration list for PBXNativeTarget "RedditTests" */ = {
			isa = XCConfigurationList;
			buildConfigurations = (
				9CDA13EB250E6705005931B3 /* Debug */,
				9CDA13EC250E6705005931B3 /* Release */,
			);
			defaultConfigurationIsVisible = 0;
			defaultConfigurationName = Release;
		};
/* End XCConfigurationList section */

/* Begin XCSwiftPackageProductDependency section */
		9CDA13EE250E6BC5005931B3 /* Base */ = {
			isa = XCSwiftPackageProductDependency;
			productName = Base;
		};
		9CDA13F0250E6BC5005931B3 /* Endpoints */ = {
			isa = XCSwiftPackageProductDependency;
			productName = Endpoints;
		};
		9CDA1406250E7AFE005931B3 /* Reddit-api */ = {
			isa = XCSwiftPackageProductDependency;
			productName = "Reddit-api";
		};
/* End XCSwiftPackageProductDependency section */
	};
	rootObject = 9CDA13BE250E6703005931B3 /* Project object */;
}
